
Microsoft Visual Studio Solution File, Format Version 12.00
# Visual Studio 15
VisualStudioVersion = 15.0.28010.2046
MinimumVisualStudioVersion = 10.0.40219.1
Project("{FAE04EC0-301F-11D3-BF4B-00C04F79EFBC}") = "CourierApp.Android", "CourierApp\CourierApp.Android\CourierApp.Android.csproj", "{C85D44DC-2418-40C2-82E2-E067ECD3A1BB}"
EndProject
Project("{FAE04EC0-301F-11D3-BF4B-00C04F79EFBC}") = "CourierApp.iOS", "CourierApp\CourierApp.iOS\CourierApp.iOS.csproj", "{FAF906B5-DAD0-4E5B-B1F1-9B515EEBED2E}"
EndProject
Project("{FAE04EC0-301F-11D3-BF4B-00C04F79EFBC}") = "CourierApp", "CourierApp\CourierApp\CourierApp.csproj", "{93DEDF9F-5FEA-4016-B164-6AE4681248A4}"
EndProject
Global
	GlobalSection(SolutionConfigurationPlatforms) = preSolution
		Ad-Hoc|Any CPU = Ad-Hoc|Any CPU
		Ad-Hoc|iPhone = Ad-Hoc|iPhone
		Ad-Hoc|iPhoneSimulator = Ad-Hoc|iPhoneSimulator
		AppStore|Any CPU = AppStore|Any CPU
		AppStore|iPhone = AppStore|iPhone
		AppStore|iPhoneSimulator = AppStore|iPhoneSimulator
		Debug|Any CPU = Debug|Any CPU
		Debug|iPhone = Debug|iPhone
		Debug|iPhoneSimulator = Debug|iPhoneSimulator
		Release|Any CPU = Release|Any CPU
		Release|iPhone = Release|iPhone
		Release|iPhoneSimulator = Release|iPhoneSimulator
	EndGlobalSection
	GlobalSection(ProjectConfigurationPlatforms) = postSolution
		{C85D44DC-2418-40C2-82E2-E067ECD3A1BB}.Ad-Hoc|Any CPU.ActiveCfg = Release|Any CPU
		{C85D44DC-2418-40C2-82E2-E067ECD3A1BB}.Ad-Hoc|Any CPU.Build.0 = Release|Any CPU
		{C85D44DC-2418-40C2-82E2-E067ECD3A1BB}.Ad-Hoc|Any CPU.Deploy.0 = Release|Any CPU
		{C85D44DC-2418-40C2-82E2-E067ECD3A1BB}.Ad-Hoc|iPhone.ActiveCfg = Release|Any CPU
		{C85D44DC-2418-40C2-82E2-E067ECD3A1BB}.Ad-Hoc|iPhone.Build.0 = Release|Any CPU
		{C85D44DC-2418-40C2-82E2-E067ECD3A1BB}.Ad-Hoc|iPhone.Deploy.0 = Release|Any CPU
		{C85D44DC-2418-40C2-82E2-E067ECD3A1BB}.Ad-Hoc|iPhoneSimulator.ActiveCfg = Release|Any CPU
		{C85D44DC-2418-40C2-82E2-E067ECD3A1BB}.Ad-Hoc|iPhoneSimulator.Build.0 = Release|Any CPU
		{C85D44DC-2418-40C2-82E2-E067ECD3A1BB}.Ad-Hoc|iPhoneSimulator.Deploy.0 = Release|Any CPU
		{C85D44DC-2418-40C2-82E2-E067ECD3A1BB}.AppStore|Any CPU.ActiveCfg = Release|Any CPU
		{C85D44DC-2418-40C2-82E2-E067ECD3A1BB}.AppStore|Any CPU.Build.0 = Release|Any CPU
		{C85D44DC-2418-40C2-82E2-E067ECD3A1BB}.AppStore|Any CPU.Deploy.0 = Release|Any CPU
		{C85D44DC-2418-40C2-82E2-E067ECD3A1BB}.AppStore|iPhone.ActiveCfg = Release|Any CPU
		{C85D44DC-2418-40C2-82E2-E067ECD3A1BB}.AppStore|iPhone.Build.0 = Release|Any CPU
		{C85D44DC-2418-40C2-82E2-E067ECD3A1BB}.AppStore|iPhone.Deploy.0 = Release|Any CPU
		{C85D44DC-2418-40C2-82E2-E067ECD3A1BB}.AppStore|iPhoneSimulator.ActiveCfg = Release|Any CPU
		{C85D44DC-2418-40C2-82E2-E067ECD3A1BB}.AppStore|iPhoneSimulator.Build.0 = Release|Any CPU
		{C85D44DC-2418-40C2-82E2-E067ECD3A1BB}.AppStore|iPhoneSimulator.Deploy.0 = Release|Any CPU
		{C85D44DC-2418-40C2-82E2-E067ECD3A1BB}.Debug|Any CPU.ActiveCfg = Debug|Any CPU
		{C85D44DC-2418-40C2-82E2-E067ECD3A1BB}.Debug|Any CPU.Build.0 = Debug|Any CPU
		{C85D44DC-2418-40C2-82E2-E067ECD3A1BB}.Debug|Any CPU.Deploy.0 = Debug|Any CPU
		{C85D44DC-2418-40C2-82E2-E067ECD3A1BB}.Debug|iPhone.ActiveCfg = Debug|Any CPU
		{C85D44DC-2418-40C2-82E2-E067ECD3A1BB}.Debug|iPhone.Build.0 = Debug|Any CPU
		{C85D44DC-2418-40C2-82E2-E067ECD3A1BB}.Debug|iPhone.Deploy.0 = Debug|Any CPU
		{C85D44DC-2418-40C2-82E2-E067ECD3A1BB}.Debug|iPhoneSimulator.ActiveCfg = Debug|Any CPU
		{C85D44DC-2418-40C2-82E2-E067ECD3A1BB}.Debug|iPhoneSimulator.Build.0 = Debug|Any CPU
		{C85D44DC-2418-40C2-82E2-E067ECD3A1BB}.Debug|iPhoneSimulator.Deploy.0 = Debug|Any CPU
		{C85D44DC-2418-40C2-82E2-E067ECD3A1BB}.Release|Any CPU.ActiveCfg = Release|Any CPU
		{C85D44DC-2418-40C2-82E2-E067ECD3A1BB}.Release|Any CPU.Build.0 = Release|Any CPU
		{C85D44DC-2418-40C2-82E2-E067ECD3A1BB}.Release|Any CPU.Deploy.0 = Release|Any CPU
		{C85D44DC-2418-40C2-82E2-E067ECD3A1BB}.Release|iPhone.ActiveCfg = Release|Any CPU
		{C85D44DC-2418-40C2-82E2-E067ECD3A1BB}.Release|iPhone.Build.0 = Release|Any CPU
		{C85D44DC-2418-40C2-82E2-E067ECD3A1BB}.Release|iPhone.Deploy.0 = Release|Any CPU
		{C85D44DC-2418-40C2-82E2-E067ECD3A1BB}.Release|iPhoneSimulator.ActiveCfg = Release|Any CPU
		{C85D44DC-2418-40C2-82E2-E067ECD3A1BB}.Release|iPhoneSimulator.Build.0 = Release|Any CPU
		{C85D44DC-2418-40C2-82E2-E067ECD3A1BB}.Release|iPhoneSimulator.Deploy.0 = Release|Any CPU
		{FAF906B5-DAD0-4E5B-B1F1-9B515EEBED2E}.Ad-Hoc|Any CPU.ActiveCfg = Ad-Hoc|iPhone
		{FAF906B5-DAD0-4E5B-B1F1-9B515EEBED2E}.Ad-Hoc|Any CPU.Build.0 = Ad-Hoc|iPhone
		{FAF906B5-DAD0-4E5B-B1F1-9B515EEBED2E}.Ad-Hoc|Any CPU.Deploy.0 = Ad-Hoc|iPhone
		{FAF906B5-DAD0-4E5B-B1F1-9B515EEBED2E}.Ad-Hoc|iPhone.ActiveCfg = Ad-Hoc|iPhone
		{FAF906B5-DAD0-4E5B-B1F1-9B515EEBED2E}.Ad-Hoc|iPhone.Build.0 = Ad-Hoc|iPhone
		{FAF906B5-DAD0-4E5B-B1F1-9B515EEBED2E}.Ad-Hoc|iPhone.Deploy.0 = Ad-Hoc|iPhone
		{FAF906B5-DAD0-4E5B-B1F1-9B515EEBED2E}.Ad-Hoc|iPhoneSimulator.ActiveCfg = Ad-Hoc|iPhoneSimulator
		{FAF906B5-DAD0-4E5B-B1F1-9B515EEBED2E}.Ad-Hoc|iPhoneSimulator.Build.0 = Ad-Hoc|iPhoneSimulator
		{FAF906B5-DAD0-4E5B-B1F1-9B515EEBED2E}.Ad-Hoc|iPhoneSimulator.Deploy.0 = Ad-Hoc|iPhoneSimulator
		{FAF906B5-DAD0-4E5B-B1F1-9B515EEBED2E}.AppStore|Any CPU.ActiveCfg = AppStore|iPhone
		{FAF906B5-DAD0-4E5B-B1F1-9B515EEBED2E}.AppStore|Any CPU.Build.0 = AppStore|iPhone
		{FAF906B5-DAD0-4E5B-B1F1-9B515EEBED2E}.AppStore|Any CPU.Deploy.0 = AppStore|iPhone
		{FAF906B5-DAD0-4E5B-B1F1-9B515EEBED2E}.AppStore|iPhone.ActiveCfg = AppStore|iPhone
		{FAF906B5-DAD0-4E5B-B1F1-9B515EEBED2E}.AppStore|iPhone.Build.0 = AppStore|iPhone
		{FAF906B5-DAD0-4E5B-B1F1-9B515EEBED2E}.AppStore|iPhone.Deploy.0 = AppStore|iPhone
		{FAF906B5-DAD0-4E5B-B1F1-9B515EEBED2E}.AppStore|iPhoneSimulator.ActiveCfg = AppStore|iPhoneSimulator
		{FAF906B5-DAD0-4E5B-B1F1-9B515EEBED2E}.AppStore|iPhoneSimulator.Build.0 = AppStore|iPhoneSimulator
		{FAF906B5-DAD0-4E5B-B1F1-9B515EEBED2E}.AppStore|iPhoneSimulator.Deploy.0 = AppStore|iPhoneSimulator
		{FAF906B5-DAD0-4E5B-B1F1-9B515EEBED2E}.Debug|Any CPU.ActiveCfg = Debug|iPhoneSimulator
		{FAF906B5-DAD0-4E5B-B1F1-9B515EEBED2E}.Debug|Any CPU.Build.0 = Debug|iPhoneSimulator
		{FAF906B5-DAD0-4E5B-B1F1-9B515EEBED2E}.Debug|Any CPU.Deploy.0 = Debug|iPhoneSimulator
		{FAF906B5-DAD0-4E5B-B1F1-9B515EEBED2E}.Debug|iPhone.ActiveCfg = Debug|iPhone
		{FAF906B5-DAD0-4E5B-B1F1-9B515EEBED2E}.Debug|iPhone.Build.0 = Debug|iPhone
		{FAF906B5-DAD0-4E5B-B1F1-9B515EEBED2E}.Debug|iPhone.Deploy.0 = Debug|iPhone
		{FAF906B5-DAD0-4E5B-B1F1-9B515EEBED2E}.Debug|iPhoneSimulator.ActiveCfg = Debug|iPhoneSimulator
		{FAF906B5-DAD0-4E5B-B1F1-9B515EEBED2E}.Debug|iPhoneSimulator.Build.0 = Debug|iPhoneSimulator
		{FAF906B5-DAD0-4E5B-B1F1-9B515EEBED2E}.Debug|iPhoneSimulator.Deploy.0 = Debug|iPhoneSimulator
		{FAF906B5-DAD0-4E5B-B1F1-9B515EEBED2E}.Release|Any CPU.ActiveCfg = Release|iPhone
		{FAF906B5-DAD0-4E5B-B1F1-9B515EEBED2E}.Release|Any CPU.Build.0 = Release|iPhone
		{FAF906B5-DAD0-4E5B-B1F1-9B515EEBED2E}.Release|Any CPU.Deploy.0 = Release|iPhone
		{FAF906B5-DAD0-4E5B-B1F1-9B515EEBED2E}.Release|iPhone.ActiveCfg = Release|iPhone
		{FAF906B5-DAD0-4E5B-B1F1-9B515EEBED2E}.Release|iPhone.Build.0 = Release|iPhone
		{FAF906B5-DAD0-4E5B-B1F1-9B515EEBED2E}.Release|iPhone.Deploy.0 = Release|iPhone
		{FAF906B5-DAD0-4E5B-B1F1-9B515EEBED2E}.Release|iPhoneSimulator.ActiveCfg = Release|iPhoneSimulator
		{FAF906B5-DAD0-4E5B-B1F1-9B515EEBED2E}.Release|iPhoneSimulator.Build.0 = Release|iPhoneSimulator
		{FAF906B5-DAD0-4E5B-B1F1-9B515EEBED2E}.Release|iPhoneSimulator.Deploy.0 = Release|iPhoneSimulator
		{93DEDF9F-5FEA-4016-B164-6AE4681248A4}.Ad-Hoc|Any CPU.ActiveCfg = Debug|Any CPU
		{93DEDF9F-5FEA-4016-B164-6AE4681248A4}.Ad-Hoc|Any CPU.Build.0 = Debug|Any CPU
		{93DEDF9F-5FEA-4016-B164-6AE4681248A4}.Ad-Hoc|Any CPU.Deploy.0 = Debug|Any CPU
		{93DEDF9F-5FEA-4016-B164-6AE4681248A4}.Ad-Hoc|iPhone.ActiveCfg = Debug|Any CPU
		{93DEDF9F-5FEA-4016-B164-6AE4681248A4}.Ad-Hoc|iPhone.Build.0 = Debug|Any CPU
		{93DEDF9F-5FEA-4016-B164-6AE4681248A4}.Ad-Hoc|iPhone.Deploy.0 = Debug|Any CPU
		{93DEDF9F-5FEA-4016-B164-6AE4681248A4}.Ad-Hoc|iPhoneSimulator.ActiveCfg = Debug|Any CPU
		{93DEDF9F-5FEA-4016-B164-6AE4681248A4}.Ad-Hoc|iPhoneSimulator.Build.0 = Debug|Any CPU
		{93DEDF9F-5FEA-4016-B164-6AE4681248A4}.Ad-Hoc|iPhoneSimulator.Deploy.0 = Debug|Any CPU
		{93DEDF9F-5FEA-4016-B164-6AE4681248A4}.AppStore|Any CPU.ActiveCfg = Debug|Any CPU
		{93DEDF9F-5FEA-4016-B164-6AE4681248A4}.AppStore|Any CPU.Build.0 = Debug|Any CPU
		{93DEDF9F-5FEA-4016-B164-6AE4681248A4}.AppStore|Any CPU.Deploy.0 = Debug|Any CPU
		{93DEDF9F-5FEA-4016-B164-6AE4681248A4}.AppStore|iPhone.ActiveCfg = Debug|Any CPU
		{93DEDF9F-5FEA-4016-B164-6AE4681248A4}.AppStore|iPhone.Build.0 = Debug|Any CPU
		{93DEDF9F-5FEA-4016-B164-6AE4681248A4}.AppStore|iPhone.Deploy.0 = Debug|Any CPU
		{93DEDF9F-5FEA-4016-B164-6AE4681248A4}.AppStore|iPhoneSimulator.ActiveCfg = Debug|Any CPU
		{93DEDF9F-5FEA-4016-B164-6AE4681248A4}.AppStore|iPhoneSimulator.Build.0 = Debug|Any CPU
		{93DEDF9F-5FEA-4016-B164-6AE4681248A4}.AppStore|iPhoneSimulator.Deploy.0 = Debug|Any CPU
		{93DEDF9F-5FEA-4016-B164-6AE4681248A4}.Debug|Any CPU.ActiveCfg = Debug|Any CPU
		{93DEDF9F-5FEA-4016-B164-6AE4681248A4}.Debug|Any CPU.Build.0 = Debug|Any CPU
		{93DEDF9F-5FEA-4016-B164-6AE4681248A4}.Debug|Any CPU.Deploy.0 = Debug|Any CPU
		{93DEDF9F-5FEA-4016-B164-6AE4681248A4}.Debug|iPhone.ActiveCfg = Debug|Any CPU
		{93DEDF9F-5FEA-4016-B164-6AE4681248A4}.Debug|iPhone.Build.0 = Debug|Any CPU
		{93DEDF9F-5FEA-4016-B164-6AE4681248A4}.Debug|iPhone.Deploy.0 = Debug|Any CPU
		{93DEDF9F-5FEA-4016-B164-6AE4681248A4}.Debug|iPhoneSimulator.ActiveCfg = Debug|Any CPU
		{93DEDF9F-5FEA-4016-B164-6AE4681248A4}.Debug|iPhoneSimulator.Build.0 = Debug|Any CPU
		{93DEDF9F-5FEA-4016-B164-6AE4681248A4}.Debug|iPhoneSimulator.Deploy.0 = Debug|Any CPU
		{93DEDF9F-5FEA-4016-B164-6AE4681248A4}.Release|Any CPU.ActiveCfg = Release|Any CPU
		{93DEDF9F-5FEA-4016-B164-6AE4681248A4}.Release|Any CPU.Build.0 = Release|Any CPU
		{93DEDF9F-5FEA-4016-B164-6AE4681248A4}.Release|Any CPU.Deploy.0 = Release|Any CPU
		{93DEDF9F-5FEA-4016-B164-6AE4681248A4}.Release|iPhone.ActiveCfg = Release|Any CPU
		{93DEDF9F-5FEA-4016-B164-6AE4681248A4}.Release|iPhone.Build.0 = Release|Any CPU
		{93DEDF9F-5FEA-4016-B164-6AE4681248A4}.Release|iPhone.Deploy.0 = Release|Any CPU
		{93DEDF9F-5FEA-4016-B164-6AE4681248A4}.Release|iPhoneSimulator.ActiveCfg = Release|Any CPU
		{93DEDF9F-5FEA-4016-B164-6AE4681248A4}.Release|iPhoneSimulator.Build.0 = Release|Any CPU
		{93DEDF9F-5FEA-4016-B164-6AE4681248A4}.Release|iPhoneSimulator.Deploy.0 = Release|Any CPU
	EndGlobalSection
	GlobalSection(SolutionProperties) = preSolution
		HideSolutionNode = FALSE
	EndGlobalSection
	GlobalSection(ExtensibilityGlobals) = postSolution
		SolutionGuid = {BE01AFE0-29B6-4428-9869-B9328AAC85FB}
	EndGlobalSection
EndGlobal
